
Microsoft Visual Studio Solution File, Format Version 12.00
# Visual Studio Version 17
VisualStudioVersion = 17.0.31903.59
MinimumVisualStudioVersion = 10.0.40219.1
Project("{2150E333-8FDC-42A3-9474-1A3956D46DE8}") = "algoritmos", "algoritmos", "{416B20DE-FCA6-4FD6-91D7-F6D6144E4182}"
EndProject
Project("{FAE04EC0-301F-11D3-BF4B-00C04F79EFBC}") = "algo", "algoritmos\algo\algo.csproj", "{AB25A577-70CF-47F8-BE54-4B8E79665132}"
EndProject
Global
	GlobalSection(SolutionConfigurationPlatforms) = preSolution
		Debug|Any CPU = Debug|Any CPU
		Release|Any CPU = Release|Any CPU
	EndGlobalSection
	GlobalSection(SolutionProperties) = preSolution
		HideSolutionNode = FALSE
	EndGlobalSection
	GlobalSection(ProjectConfigurationPlatforms) = postSolution
		{AB25A577-70CF-47F8-BE54-4B8E79665132}.Debug|Any CPU.ActiveCfg = Debug|Any CPU
		{AB25A577-70CF-47F8-BE54-4B8E79665132}.Debug|Any CPU.Build.0 = Debug|Any CPU
		{AB25A577-70CF-47F8-BE54-4B8E79665132}.Release|Any CPU.ActiveCfg = Release|Any CPU
		{AB25A577-70CF-47F8-BE54-4B8E79665132}.Release|Any CPU.Build.0 = Release|Any CPU
	EndGlobalSection
	GlobalSection(NestedProjects) = preSolution
		{AB25A577-70CF-47F8-BE54-4B8E79665132} = {416B20DE-FCA6-4FD6-91D7-F6D6144E4182}
	EndGlobalSection
EndGlobal
