
Microsoft Visual Studio Solution File, Format Version 12.00
# Visual Studio Version 17
VisualStudioVersion = 17.5.002.0
MinimumVisualStudioVersion = 10.0.40219.1
Project("{9A19103F-16F7-4668-BE54-9A1E7A4F7556}") = "algo", "algo.csproj", "{CAE5EB52-FAE6-4EB5-BAAE-093D3530DA04}"
EndProject
Global
	GlobalSection(SolutionConfigurationPlatforms) = preSolution
		Debug|Any CPU = Debug|Any CPU
		Release|Any CPU = Release|Any CPU
	EndGlobalSection
	GlobalSection(ProjectConfigurationPlatforms) = postSolution
		{CAE5EB52-FAE6-4EB5-BAAE-093D3530DA04}.Debug|Any CPU.ActiveCfg = Debug|Any CPU
		{CAE5EB52-FAE6-4EB5-BAAE-093D3530DA04}.Debug|Any CPU.Build.0 = Debug|Any CPU
		{CAE5EB52-FAE6-4EB5-BAAE-093D3530DA04}.Release|Any CPU.ActiveCfg = Release|Any CPU
		{CAE5EB52-FAE6-4EB5-BAAE-093D3530DA04}.Release|Any CPU.Build.0 = Release|Any CPU
	EndGlobalSection
	GlobalSection(SolutionProperties) = preSolution
		HideSolutionNode = FALSE
	EndGlobalSection
	GlobalSection(ExtensibilityGlobals) = postSolution
		SolutionGuid = {403523E7-235B-4132-B74E-7C8F3E8F48B2}
	EndGlobalSection
EndGlobal
